
Microsoft Visual Studio Solution File, Format Version 12.00
# Visual Studio Version 17
VisualStudioVersion = 17.0.32014.148
MinimumVisualStudioVersion = 10.0.40219.1
Project("{9A19103F-16F7-4668-BE54-9A1E7A4F7556}") = "DevopsTest", "DevopsTest\DevopsTest.csproj", "{1A3B24C1-3533-4A16-ACE6-8EC80135281C}"
EndProject
Project("{2150E333-8FDC-42A3-9474-1A3956D46DE8}") = "Solution Items", "Solution Items", "{BC68374E-5DEF-4F46-9C04-261DBD097F95}"
	ProjectSection(SolutionItems) = preProject
		.editorconfig = .editorconfig
	EndProjectSection
EndProject
Project("{FAE04EC0-301F-11D3-BF4B-00C04F79EFBC}") = "Tests", "Tests\Tests.csproj", "{8CB39E5B-AC50-466F-950C-B426AA04299D}"
EndProject
Global
	GlobalSection(SolutionConfigurationPlatforms) = preSolution
		Debug|Any CPU = Debug|Any CPU
		Release|Any CPU = Release|Any CPU
	EndGlobalSection
	GlobalSection(ProjectConfigurationPlatforms) = postSolution
		{1A3B24C1-3533-4A16-ACE6-8EC80135281C}.Debug|Any CPU.ActiveCfg = Debug|Any CPU
		{1A3B24C1-3533-4A16-ACE6-8EC80135281C}.Debug|Any CPU.Build.0 = Debug|Any CPU
		{1A3B24C1-3533-4A16-ACE6-8EC80135281C}.Release|Any CPU.ActiveCfg = Release|Any CPU
		{1A3B24C1-3533-4A16-ACE6-8EC80135281C}.Release|Any CPU.Build.0 = Release|Any CPU
		{8CB39E5B-AC50-466F-950C-B426AA04299D}.Debug|Any CPU.ActiveCfg = Debug|Any CPU
		{8CB39E5B-AC50-466F-950C-B426AA04299D}.Debug|Any CPU.Build.0 = Debug|Any CPU
		{8CB39E5B-AC50-466F-950C-B426AA04299D}.Release|Any CPU.ActiveCfg = Release|Any CPU
		{8CB39E5B-AC50-466F-950C-B426AA04299D}.Release|Any CPU.Build.0 = Release|Any CPU
	EndGlobalSection
	GlobalSection(SolutionProperties) = preSolution
		HideSolutionNode = FALSE
	EndGlobalSection
	GlobalSection(ExtensibilityGlobals) = postSolution
		SolutionGuid = {2623D748-71F2-4B76-9C2C-56CE3318EDE4}
	EndGlobalSection
EndGlobal
